
Microsoft Visual Studio Solution File, Format Version 12.00
# Visual Studio Version 17
VisualStudioVersion = 17.9.34622.214
MinimumVisualStudioVersion = 10.0.40219.1
Project("{9A19103F-16F7-4668-BE54-9A1E7A4F7556}") = "MVCLearn", "MVCLearn\MVCLearn.csproj", "{BFF67831-528D-442B-84BB-1F58A5DEAC1E}"
EndProject
Project("{9A19103F-16F7-4668-BE54-9A1E7A4F7556}") = "ReceiverApp.WebApi", "ReceiverApp.WebApi\ReceiverApp.WebApi.csproj", "{6FCA4C71-F242-466D-8B64-422A59231AD4}"
EndProject
Project("{FAE04EC0-301F-11D3-BF4B-00C04F79EFBC}") = "LearnSignalR", "LearnSignalR\LearnSignalR.csproj", "{58F70940-0255-4DA0-ABC6-E59EA09AE5BE}"
EndProject
Global
	GlobalSection(SolutionConfigurationPlatforms) = preSolution
		Debug|Any CPU = Debug|Any CPU
		Release|Any CPU = Release|Any CPU
	EndGlobalSection
	GlobalSection(ProjectConfigurationPlatforms) = postSolution
		{BFF67831-528D-442B-84BB-1F58A5DEAC1E}.Debug|Any CPU.ActiveCfg = Debug|Any CPU
		{BFF67831-528D-442B-84BB-1F58A5DEAC1E}.Debug|Any CPU.Build.0 = Debug|Any CPU
		{BFF67831-528D-442B-84BB-1F58A5DEAC1E}.Release|Any CPU.ActiveCfg = Release|Any CPU
		{BFF67831-528D-442B-84BB-1F58A5DEAC1E}.Release|Any CPU.Build.0 = Release|Any CPU
		{6FCA4C71-F242-466D-8B64-422A59231AD4}.Debug|Any CPU.ActiveCfg = Debug|Any CPU
		{6FCA4C71-F242-466D-8B64-422A59231AD4}.Debug|Any CPU.Build.0 = Debug|Any CPU
		{6FCA4C71-F242-466D-8B64-422A59231AD4}.Release|Any CPU.ActiveCfg = Release|Any CPU
		{6FCA4C71-F242-466D-8B64-422A59231AD4}.Release|Any CPU.Build.0 = Release|Any CPU
		{58F70940-0255-4DA0-ABC6-E59EA09AE5BE}.Debug|Any CPU.ActiveCfg = Debug|Any CPU
		{58F70940-0255-4DA0-ABC6-E59EA09AE5BE}.Debug|Any CPU.Build.0 = Debug|Any CPU
		{58F70940-0255-4DA0-ABC6-E59EA09AE5BE}.Release|Any CPU.ActiveCfg = Release|Any CPU
		{58F70940-0255-4DA0-ABC6-E59EA09AE5BE}.Release|Any CPU.Build.0 = Release|Any CPU
	EndGlobalSection
	GlobalSection(SolutionProperties) = preSolution
		HideSolutionNode = FALSE
	EndGlobalSection
	GlobalSection(ExtensibilityGlobals) = postSolution
		SolutionGuid = {588A2B7F-3B07-47E4-A19F-29CC8F667A7A}
	EndGlobalSection
EndGlobal
